<?xml version="1.0" encoding="UTF-8"?>
<Scheme
   LastUpgradeVersion = "0730"
   version = "1.3">
   <BuildAction
      parallelizeBuildables = "YES"
      buildImplicitDependencies = "YES">
      <BuildActionEntries>
         <BuildActionEntry
            buildForTesting = "YES"
            buildForRunning = "YES"
            buildForProfiling = "YES"
            buildForArchiving = "YES"
            buildForAnalyzing = "YES">
            <BuildableReference
               BuildableIdentifier = "primary"
               BlueprintIdentifier = "2D6AE5C91CF2E2510050DD14"
               BuildableName = "doom"
               BlueprintName = "doom"
               ReferencedContainer = "container:doom.xcodeproj">
            </BuildableReference>
         </BuildActionEntry>
      </BuildActionEntries>
   </BuildAction>
   <TestAction
      buildConfiguration = "Debug"
      selectedDebuggerIdentifier = "Xcode.DebuggerFoundation.Debugger.LLDB"
      selectedLauncherIdentifier = "Xcode.DebuggerFoundation.Launcher.LLDB"
      shouldUseLaunchSchemeArgsEnv = "YES">
      <Testables>
      </Testables>
      <MacroExpansion>
         <BuildableReference
            BuildableIdentifier = "primary"
            BlueprintIdentifier = "2D6AE5C91CF2E2510050DD14"
            BuildableName = "doom"
            BlueprintName = "doom"
            ReferencedContainer = "container:doom.xcodeproj">
         </BuildableReference>
      </MacroExpansion>
      <AdditionalOptions>
      </AdditionalOptions>
   </TestAction>
   <LaunchAction
      buildConfiguration = "Debug"
      selectedDebuggerIdentifier = "Xcode.DebuggerFoundation.Debugger.LLDB"
      selectedLauncherIdentifier = "Xcode.DebuggerFoundation.Launcher.LLDB"
      launchStyle = "0"
      useCustomWorkingDirectory = "NO"
      ignoresPersistentStateOnLaunch = "NO"
      debugDocumentVersioning = "YES"
      debugServiceExtension = "internal"
      allowLocationSimulation = "YES">
      <BuildableProductRunnable
         runnableDebuggingMode = "0">
         <BuildableReference
            BuildableIdentifier = "primary"
            BlueprintIdentifier = "2D6AE5C91CF2E2510050DD14"
            BuildableName = "doom"
            BlueprintName = "doom"
            ReferencedContainer = "container:doom.xcodeproj">
         </BuildableReference>
      </BuildableProductRunnable>
      <CommandLineArguments>
         <CommandLineArgument
            argument = "-iwad $(SRCROOT)/wads/doom.wad"
            isEnabled = "YES">
         </CommandLineArgument>
         <CommandLineArgument
            argument = "-playdemo $(SRCROOT)/demos/ep1-507.LMP"
            isEnabled = "YES">
         </CommandLineArgument>
         <CommandLineArgument
            argument = "-config $(SRCROOT)/bin/default.cfg"
            isEnabled = "YES">
         </CommandLineArgument>
         <CommandLineArgument
            argument = "-extraconfig $(SRCROOT)/bin/chocolate-doom.cfg"
            isEnabled = "YES">
         </CommandLineArgument>
         <CommandLineArgument
            argument = "-rdm-outdir /Users/vedaldi/Desktop/doomrecord"
            isEnabled = "YES">
         </CommandLineArgument>
         <CommandLineArgument
            argument = "-rdm-depth"
            isEnabled = "YES">
         </CommandLineArgument>
         <CommandLineArgument
            argument = "-rdm-rgb"
            isEnabled = "YES">
         </CommandLineArgument>
         <CommandLineArgument
            argument = "-rdm-objects"
            isEnabled = "YES">
         </CommandLineArgument>
         <CommandLineArgument
            argument = "-rdm-hideplayer"
            isEnabled = "YES">
         </CommandLineArgument>
         <CommandLineArgument
            argument = "-rdm-syncframes"
            isEnabled = "YES">
         </CommandLineArgument>
      </CommandLineArguments>
      <EnvironmentVariables>
         <EnvironmentVariable
            key = "LD_LIBRARY_PATH"
            value = "/opt/local/lib"
            isEnabled = "YES">
         </EnvironmentVariable>
      </EnvironmentVariables>
      <AdditionalOptions>
      </AdditionalOptions>
   </LaunchAction>
   <ProfileAction
      buildConfiguration = "Release"
      shouldUseLaunchSchemeArgsEnv = "YES"
      savedToolIdentifier = ""
      useCustomWorkingDirectory = "NO"
      debugDocumentVersioning = "YES">
      <BuildableProductRunnable
         runnableDebuggingMode = "0">
         <BuildableReference
            BuildableIdentifier = "primary"
            BlueprintIdentifier = "2D6AE5C91CF2E2510050DD14"
            BuildableName = "doom"
            BlueprintName = "doom"
            ReferencedContainer = "container:doom.xcodeproj">
         </BuildableReference>
      </BuildableProductRunnable>
   </ProfileAction>
   <AnalyzeAction
      buildConfiguration = "Debug">
   </AnalyzeAction>
   <ArchiveAction
      buildConfiguration = "Release"
      revealArchiveInOrganizer = "YES">
   </ArchiveAction>
</Scheme>
